
Microsoft Visual Studio Solution File, Format Version 12.00
# Visual Studio Version 16
VisualStudioVersion = 25.0.1706.0
MinimumVisualStudioVersion = 10.0.40219.1
Project("{FAE04EC0-301F-11D3-BF4B-00C04F79EFBC}") = "RoomReservation", "RoomReservation\RoomReservation.csproj", "{7C243D93-0601-4B58-864B-DA180F70ECBB}"
EndProject
Global
	GlobalSection(SolutionConfigurationPlatforms) = preSolution
		Debug|Any CPU = Debug|Any CPU
		Release|Any CPU = Release|Any CPU
	EndGlobalSection
	GlobalSection(ProjectConfigurationPlatforms) = postSolution
		{7C243D93-0601-4B58-864B-DA180F70ECBB}.Debug|Any CPU.ActiveCfg = Debug|Any CPU
		{7C243D93-0601-4B58-864B-DA180F70ECBB}.Debug|Any CPU.Build.0 = Debug|Any CPU
		{7C243D93-0601-4B58-864B-DA180F70ECBB}.Release|Any CPU.ActiveCfg = Release|Any CPU
		{7C243D93-0601-4B58-864B-DA180F70ECBB}.Release|Any CPU.Build.0 = Release|Any CPU
	EndGlobalSection
	GlobalSection(SolutionProperties) = preSolution
		HideSolutionNode = FALSE
	EndGlobalSection
	GlobalSection(ExtensibilityGlobals) = postSolution
		SolutionGuid = {FD909B42-ADEC-4333-8FAD-9846886EE50D}
	EndGlobalSection
EndGlobal
